
Microsoft Visual Studio Solution File, Format Version 12.00
# Visual Studio Version 17
VisualStudioVersion = 17.0.32014.148
MinimumVisualStudioVersion = 10.0.40219.1
Project("{F2A71F9B-5D33-465A-A702-920D77279786}") = "FSharpBasics", "FSharpBasics.fsproj", "{77F174FA-53CD-42A8-ACB9-686ACD5E80F0}"
EndProject
Global
	GlobalSection(SolutionConfigurationPlatforms) = preSolution
		Debug|Any CPU = Debug|Any CPU
		Release|Any CPU = Release|Any CPU
	EndGlobalSection
	GlobalSection(ProjectConfigurationPlatforms) = postSolution
		{77F174FA-53CD-42A8-ACB9-686ACD5E80F0}.Debug|Any CPU.ActiveCfg = Debug|Any CPU
		{77F174FA-53CD-42A8-ACB9-686ACD5E80F0}.Debug|Any CPU.Build.0 = Debug|Any CPU
		{77F174FA-53CD-42A8-ACB9-686ACD5E80F0}.Release|Any CPU.ActiveCfg = Release|Any CPU
		{77F174FA-53CD-42A8-ACB9-686ACD5E80F0}.Release|Any CPU.Build.0 = Release|Any CPU
	EndGlobalSection
	GlobalSection(SolutionProperties) = preSolution
		HideSolutionNode = FALSE
	EndGlobalSection
	GlobalSection(ExtensibilityGlobals) = postSolution
		SolutionGuid = {FBB81A53-BB30-4A37-B0D0-EA5EBF04AE4C}
	EndGlobalSection
EndGlobal
