
Microsoft Visual Studio Solution File, Format Version 12.00
# Visual Studio Version 17
VisualStudioVersion = 17.0.32014.148
MinimumVisualStudioVersion = 10.0.40219.1
Project("{FAE04EC0-301F-11D3-BF4B-00C04F79EFBC}") = "Hello", "Hello.csproj", "{B29319AE-D1C0-4AAF-893F-CF73555D26A1}"
EndProject
Global
	GlobalSection(SolutionConfigurationPlatforms) = preSolution
		Debug|Any CPU = Debug|Any CPU
		Release|Any CPU = Release|Any CPU
	EndGlobalSection
	GlobalSection(ProjectConfigurationPlatforms) = postSolution
		{B29319AE-D1C0-4AAF-893F-CF73555D26A1}.Debug|Any CPU.ActiveCfg = Debug|Any CPU
		{B29319AE-D1C0-4AAF-893F-CF73555D26A1}.Debug|Any CPU.Build.0 = Debug|Any CPU
		{B29319AE-D1C0-4AAF-893F-CF73555D26A1}.Release|Any CPU.ActiveCfg = Release|Any CPU
		{B29319AE-D1C0-4AAF-893F-CF73555D26A1}.Release|Any CPU.Build.0 = Release|Any CPU
	EndGlobalSection
	GlobalSection(SolutionProperties) = preSolution
		HideSolutionNode = FALSE
	EndGlobalSection
	GlobalSection(ExtensibilityGlobals) = postSolution
		SolutionGuid = {CA40AB39-CD97-4FB3-B0D3-276C1F7C3654}
	EndGlobalSection
EndGlobal
