
Microsoft Visual Studio Solution File, Format Version 12.00
# Visual Studio Version 17
VisualStudioVersion = 17.0.32014.148
MinimumVisualStudioVersion = 10.0.40219.1
Project("{F2A71F9B-5D33-465A-A702-920D77279786}") = "FSharpCalc", "FSharpCalc.fsproj", "{6E2A04DD-E4EB-47ED-880C-71173AC0985A}"
EndProject
Global
	GlobalSection(SolutionConfigurationPlatforms) = preSolution
		Debug|Any CPU = Debug|Any CPU
		Release|Any CPU = Release|Any CPU
	EndGlobalSection
	GlobalSection(ProjectConfigurationPlatforms) = postSolution
		{6E2A04DD-E4EB-47ED-880C-71173AC0985A}.Debug|Any CPU.ActiveCfg = Debug|Any CPU
		{6E2A04DD-E4EB-47ED-880C-71173AC0985A}.Debug|Any CPU.Build.0 = Debug|Any CPU
		{6E2A04DD-E4EB-47ED-880C-71173AC0985A}.Release|Any CPU.ActiveCfg = Release|Any CPU
		{6E2A04DD-E4EB-47ED-880C-71173AC0985A}.Release|Any CPU.Build.0 = Release|Any CPU
	EndGlobalSection
	GlobalSection(SolutionProperties) = preSolution
		HideSolutionNode = FALSE
	EndGlobalSection
	GlobalSection(ExtensibilityGlobals) = postSolution
		SolutionGuid = {4D552CEE-F949-436F-A40B-0694D2139E74}
	EndGlobalSection
EndGlobal
